
Microsoft Visual Studio Solution File, Format Version 10.00
# Visual Studio 2008
Project("{FAE04EC0-301F-11D3-BF4B-00C04F79EFBC}") = "DataAccessLayer", "DataAccessLayer\DataAccessLayer.csproj", "{1E5AF0B4-C4D1-451A-857A-848A68B3E76C}"
EndProject
Project("{FAE04EC0-301F-11D3-BF4B-00C04F79EFBC}") = "DataAccessLayerTest", "DataAccessLayerTest\DataAccessLayerTest.csproj", "{F3EB9469-834C-470B-B140-24BBFA40B389}"
EndProject
Global
	GlobalSection(TestCaseManagementSettings) = postSolution
		CategoryFile = Photogallery.vsmdi
	EndGlobalSection
	GlobalSection(SolutionConfigurationPlatforms) = preSolution
		Debug|Any CPU = Debug|Any CPU
		Release|Any CPU = Release|Any CPU
	EndGlobalSection
	GlobalSection(ProjectConfigurationPlatforms) = postSolution
		{1E5AF0B4-C4D1-451A-857A-848A68B3E76C}.Debug|Any CPU.ActiveCfg = Debug|Any CPU
		{1E5AF0B4-C4D1-451A-857A-848A68B3E76C}.Debug|Any CPU.Build.0 = Debug|Any CPU
		{1E5AF0B4-C4D1-451A-857A-848A68B3E76C}.Release|Any CPU.ActiveCfg = Release|Any CPU
		{1E5AF0B4-C4D1-451A-857A-848A68B3E76C}.Release|Any CPU.Build.0 = Release|Any CPU
		{F3EB9469-834C-470B-B140-24BBFA40B389}.Debug|Any CPU.ActiveCfg = Debug|Any CPU
		{F3EB9469-834C-470B-B140-24BBFA40B389}.Debug|Any CPU.Build.0 = Debug|Any CPU
		{F3EB9469-834C-470B-B140-24BBFA40B389}.Release|Any CPU.ActiveCfg = Release|Any CPU
		{F3EB9469-834C-470B-B140-24BBFA40B389}.Release|Any CPU.Build.0 = Release|Any CPU
	EndGlobalSection
	GlobalSection(SolutionProperties) = preSolution
		HideSolutionNode = FALSE
	EndGlobalSection
EndGlobal
